
Microsoft Visual Studio Solution File, Format Version 12.00
# Visual Studio Version 17
VisualStudioVersion = 17.11.35222.181
MinimumVisualStudioVersion = 10.0.40219.1
Project("{9A19103F-16F7-4668-BE54-9A1E7A4F7556}") = "CIS3285_Unit3Sample_2024", "CIS3285_Unit3Sample_2024.csproj", "{4638449A-3A86-419E-B865-7B1849350629}"
EndProject
Project("{FAE04EC0-301F-11D3-BF4B-00C04F79EFBC}") = "CIS3285_Sample_2024_Tests", "..\CIS3285_Sample_2024_Tests\CIS3285_Sample_2024_Tests.csproj", "{8C2DCCC5-9A69-4D7D-B585-A0DD1C74C575}"
EndProject
Global
	GlobalSection(SolutionConfigurationPlatforms) = preSolution
		Debug|Any CPU = Debug|Any CPU
		Release|Any CPU = Release|Any CPU
	EndGlobalSection
	GlobalSection(ProjectConfigurationPlatforms) = postSolution
		{4638449A-3A86-419E-B865-7B1849350629}.Debug|Any CPU.ActiveCfg = Debug|Any CPU
		{4638449A-3A86-419E-B865-7B1849350629}.Debug|Any CPU.Build.0 = Debug|Any CPU
		{4638449A-3A86-419E-B865-7B1849350629}.Release|Any CPU.ActiveCfg = Release|Any CPU
		{4638449A-3A86-419E-B865-7B1849350629}.Release|Any CPU.Build.0 = Release|Any CPU
		{8C2DCCC5-9A69-4D7D-B585-A0DD1C74C575}.Debug|Any CPU.ActiveCfg = Debug|Any CPU
		{8C2DCCC5-9A69-4D7D-B585-A0DD1C74C575}.Debug|Any CPU.Build.0 = Debug|Any CPU
		{8C2DCCC5-9A69-4D7D-B585-A0DD1C74C575}.Release|Any CPU.ActiveCfg = Release|Any CPU
		{8C2DCCC5-9A69-4D7D-B585-A0DD1C74C575}.Release|Any CPU.Build.0 = Release|Any CPU
	EndGlobalSection
	GlobalSection(SolutionProperties) = preSolution
		HideSolutionNode = FALSE
	EndGlobalSection
	GlobalSection(ExtensibilityGlobals) = postSolution
		SolutionGuid = {239B0314-1D21-4060-A590-E065E55563BC}
	EndGlobalSection
EndGlobal
